
Microsoft Visual Studio Solution File, Format Version 12.00
# Visual Studio Version 17
VisualStudioVersion = 17.7.34202.233
MinimumVisualStudioVersion = 10.0.40219.1
Project("{FAE04EC0-301F-11D3-BF4B-00C04F79EFBC}") = "Water bill calculator", "Water bill calculator.csproj", "{548A71B3-480C-434E-8C30-EA9B6D8D70C3}"
EndProject
Global
	GlobalSection(SolutionConfigurationPlatforms) = preSolution
		Debug|Any CPU = Debug|Any CPU
		Release|Any CPU = Release|Any CPU
	EndGlobalSection
	GlobalSection(ProjectConfigurationPlatforms) = postSolution
		{548A71B3-480C-434E-8C30-EA9B6D8D70C3}.Debug|Any CPU.ActiveCfg = Debug|Any CPU
		{548A71B3-480C-434E-8C30-EA9B6D8D70C3}.Debug|Any CPU.Build.0 = Debug|Any CPU
		{548A71B3-480C-434E-8C30-EA9B6D8D70C3}.Release|Any CPU.ActiveCfg = Release|Any CPU
		{548A71B3-480C-434E-8C30-EA9B6D8D70C3}.Release|Any CPU.Build.0 = Release|Any CPU
	EndGlobalSection
	GlobalSection(SolutionProperties) = preSolution
		HideSolutionNode = FALSE
	EndGlobalSection
	GlobalSection(ExtensibilityGlobals) = postSolution
		SolutionGuid = {B025F936-C097-41EC-97B7-73CF48BCF9AA}
	EndGlobalSection
EndGlobal
